Microsoft Visual Studio Solution File, Format Version 10.00
# Visual C# Express 2008
Project("{FAE04EC0-301F-11D3-BF4B-00C04F79EFBC}") = "FFXILogParser", "FFXILogParser\FFXILogParser.csproj", "{1BD73407-4C1F-4280-A322-150FB545A7FB}"
EndProject
Project("{FAE04EC0-301F-11D3-BF4B-00C04F79EFBC}") = "ParserCore", "ParserCore\ParserCore.csproj", "{626318E4-447D-4BD7-BC3A-294A8E37B07F}"
EndProject
Project("{FAE04EC0-301F-11D3-BF4B-00C04F79EFBC}") = "PluginChat", "Chat.Plugin\PluginChat.csproj", "{C1F3DCAF-0E1E-4617-9FE9-952CA3ACC9BB}"
EndProject
Project("{FAE04EC0-301F-11D3-BF4B-00C04F79EFBC}") = "PluginDebugging", "PluginUnparsed\PluginDebugging.csproj", "{3EEB8410-FE5C-49D2-BFB9-5F4A8B5AD995}"
EndProject
Project("{FAE04EC0-301F-11D3-BF4B-00C04F79EFBC}") = "PluginTreasure", "PluginTreasure\PluginTreasure.csproj", "{5DB99DB9-CBE2-410D-94C3-53918075FCB6}"
EndProject
Project("{FAE04EC0-301F-11D3-BF4B-00C04F79EFBC}") = "PluginCombat", "PluginMelee\PluginCombat.csproj", "{5516F8E4-8960-4674-AD6F-BB66D29315A0}"
EndProject
Project("{FAE04EC0-301F-11D3-BF4B-00C04F79EFBC}") = "PluginExperience", "PluginExperience\PluginExperience.csproj", "{497E79CF-92E1-4D78-9C5D-DE62B292945C}"
EndProject
Project("{FAE04EC0-301F-11D3-BF4B-00C04F79EFBC}") = "PluginNonCombat", "PluginNonCombat\PluginNonCombat.csproj", "{29B154A9-81AE-4220-A4A8-27F1779409B1}"
EndProject
Global
	GlobalSection(SolutionConfigurationPlatforms) = preSolution
		Debug|Any CPU = Debug|Any CPU
		Debug|x86 = Debug|x86
		Release|Any CPU = Release|Any CPU
		Release|x86 = Release|x86
	EndGlobalSection
	GlobalSection(ProjectConfigurationPlatforms) = postSolution
		{1BD73407-4C1F-4280-A322-150FB545A7FB}.Debug|Any CPU.ActiveCfg = Debug|Any CPU
		{1BD73407-4C1F-4280-A322-150FB545A7FB}.Debug|Any CPU.Build.0 = Debug|Any CPU
		{1BD73407-4C1F-4280-A322-150FB545A7FB}.Debug|x86.ActiveCfg = Debug|x86
		{1BD73407-4C1F-4280-A322-150FB545A7FB}.Debug|x86.Build.0 = Debug|x86
		{1BD73407-4C1F-4280-A322-150FB545A7FB}.Release|Any CPU.ActiveCfg = Release|Any CPU
		{1BD73407-4C1F-4280-A322-150FB545A7FB}.Release|Any CPU.Build.0 = Release|Any CPU
		{1BD73407-4C1F-4280-A322-150FB545A7FB}.Release|x86.ActiveCfg = Release|x86
		{1BD73407-4C1F-4280-A322-150FB545A7FB}.Release|x86.Build.0 = Release|x86
		{626318E4-447D-4BD7-BC3A-294A8E37B07F}.Debug|Any CPU.ActiveCfg = Debug|Any CPU
		{626318E4-447D-4BD7-BC3A-294A8E37B07F}.Debug|Any CPU.Build.0 = Debug|Any CPU
		{626318E4-447D-4BD7-BC3A-294A8E37B07F}.Debug|x86.ActiveCfg = Debug|x86
		{626318E4-447D-4BD7-BC3A-294A8E37B07F}.Debug|x86.Build.0 = Debug|x86
		{626318E4-447D-4BD7-BC3A-294A8E37B07F}.Release|Any CPU.ActiveCfg = Release|Any CPU
		{626318E4-447D-4BD7-BC3A-294A8E37B07F}.Release|Any CPU.Build.0 = Release|Any CPU
		{626318E4-447D-4BD7-BC3A-294A8E37B07F}.Release|x86.ActiveCfg = Release|x86
		{626318E4-447D-4BD7-BC3A-294A8E37B07F}.Release|x86.Build.0 = Release|x86
		{C1F3DCAF-0E1E-4617-9FE9-952CA3ACC9BB}.Debug|Any CPU.ActiveCfg = Debug|Any CPU
		{C1F3DCAF-0E1E-4617-9FE9-952CA3ACC9BB}.Debug|Any CPU.Build.0 = Debug|Any CPU
		{C1F3DCAF-0E1E-4617-9FE9-952CA3ACC9BB}.Debug|x86.ActiveCfg = Debug|x86
		{C1F3DCAF-0E1E-4617-9FE9-952CA3ACC9BB}.Debug|x86.Build.0 = Debug|x86
		{C1F3DCAF-0E1E-4617-9FE9-952CA3ACC9BB}.Release|Any CPU.ActiveCfg = Release|Any CPU
		{C1F3DCAF-0E1E-4617-9FE9-952CA3ACC9BB}.Release|Any CPU.Build.0 = Release|Any CPU
		{C1F3DCAF-0E1E-4617-9FE9-952CA3ACC9BB}.Release|x86.ActiveCfg = Release|x86
		{C1F3DCAF-0E1E-4617-9FE9-952CA3ACC9BB}.Release|x86.Build.0 = Release|x86
		{3EEB8410-FE5C-49D2-BFB9-5F4A8B5AD995}.Debug|Any CPU.ActiveCfg = Debug|Any CPU
		{3EEB8410-FE5C-49D2-BFB9-5F4A8B5AD995}.Debug|Any CPU.Build.0 = Debug|Any CPU
		{3EEB8410-FE5C-49D2-BFB9-5F4A8B5AD995}.Debug|x86.ActiveCfg = Debug|x86
		{3EEB8410-FE5C-49D2-BFB9-5F4A8B5AD995}.Debug|x86.Build.0 = Debug|x86
		{3EEB8410-FE5C-49D2-BFB9-5F4A8B5AD995}.Release|Any CPU.ActiveCfg = Release|Any CPU
		{3EEB8410-FE5C-49D2-BFB9-5F4A8B5AD995}.Release|Any CPU.Build.0 = Release|Any CPU
		{3EEB8410-FE5C-49D2-BFB9-5F4A8B5AD995}.Release|x86.ActiveCfg = Release|x86
		{3EEB8410-FE5C-49D2-BFB9-5F4A8B5AD995}.Release|x86.Build.0 = Release|x86
		{5DB99DB9-CBE2-410D-94C3-53918075FCB6}.Debug|Any CPU.ActiveCfg = Debug|Any CPU
		{5DB99DB9-CBE2-410D-94C3-53918075FCB6}.Debug|Any CPU.Build.0 = Debug|Any CPU
		{5DB99DB9-CBE2-410D-94C3-53918075FCB6}.Debug|x86.ActiveCfg = Debug|x86
		{5DB99DB9-CBE2-410D-94C3-53918075FCB6}.Debug|x86.Build.0 = Debug|x86
		{5DB99DB9-CBE2-410D-94C3-53918075FCB6}.Release|Any CPU.ActiveCfg = Release|Any CPU
		{5DB99DB9-CBE2-410D-94C3-53918075FCB6}.Release|Any CPU.Build.0 = Release|Any CPU
		{5DB99DB9-CBE2-410D-94C3-53918075FCB6}.Release|x86.ActiveCfg = Release|x86
		{5DB99DB9-CBE2-410D-94C3-53918075FCB6}.Release|x86.Build.0 = Release|x86
		{5516F8E4-8960-4674-AD6F-BB66D29315A0}.Debug|Any CPU.ActiveCfg = Debug|Any CPU
		{5516F8E4-8960-4674-AD6F-BB66D29315A0}.Debug|Any CPU.Build.0 = Debug|Any CPU
		{5516F8E4-8960-4674-AD6F-BB66D29315A0}.Debug|x86.ActiveCfg = Debug|x86
		{5516F8E4-8960-4674-AD6F-BB66D29315A0}.Debug|x86.Build.0 = Debug|x86
		{5516F8E4-8960-4674-AD6F-BB66D29315A0}.Release|Any CPU.ActiveCfg = Release|Any CPU
		{5516F8E4-8960-4674-AD6F-BB66D29315A0}.Release|Any CPU.Build.0 = Release|Any CPU
		{5516F8E4-8960-4674-AD6F-BB66D29315A0}.Release|x86.ActiveCfg = Release|x86
		{5516F8E4-8960-4674-AD6F-BB66D29315A0}.Release|x86.Build.0 = Release|x86
		{497E79CF-92E1-4D78-9C5D-DE62B292945C}.Debug|Any CPU.ActiveCfg = Debug|Any CPU
		{497E79CF-92E1-4D78-9C5D-DE62B292945C}.Debug|Any CPU.Build.0 = Debug|Any CPU
		{497E79CF-92E1-4D78-9C5D-DE62B292945C}.Debug|x86.ActiveCfg = Debug|x86
		{497E79CF-92E1-4D78-9C5D-DE62B292945C}.Debug|x86.Build.0 = Debug|x86
		{497E79CF-92E1-4D78-9C5D-DE62B292945C}.Release|Any CPU.ActiveCfg = Release|Any CPU
		{497E79CF-92E1-4D78-9C5D-DE62B292945C}.Release|Any CPU.Build.0 = Release|Any CPU
		{497E79CF-92E1-4D78-9C5D-DE62B292945C}.Release|x86.ActiveCfg = Release|x86
		{497E79CF-92E1-4D78-9C5D-DE62B292945C}.Release|x86.Build.0 = Release|x86
		{29B154A9-81AE-4220-A4A8-27F1779409B1}.Debug|Any CPU.ActiveCfg = Debug|Any CPU
		{29B154A9-81AE-4220-A4A8-27F1779409B1}.Debug|Any CPU.Build.0 = Debug|Any CPU
		{29B154A9-81AE-4220-A4A8-27F1779409B1}.Debug|x86.ActiveCfg = Debug|Any CPU
		{29B154A9-81AE-4220-A4A8-27F1779409B1}.Release|Any CPU.ActiveCfg = Release|Any CPU
		{29B154A9-81AE-4220-A4A8-27F1779409B1}.Release|Any CPU.Build.0 = Release|Any CPU
		{29B154A9-81AE-4220-A4A8-27F1779409B1}.Release|x86.ActiveCfg = Release|Any CPU
	EndGlobalSection
	GlobalSection(SolutionProperties) = preSolution
		HideSolutionNode = FALSE
	EndGlobalSection
EndGlobal
